
Microsoft Visual Studio Solution File, Format Version 12.00
# Visual Studio Version 17
VisualStudioVersion = 17.4.33205.214
MinimumVisualStudioVersion = 10.0.40219.1
Project("{FAE04EC0-301F-11D3-BF4B-00C04F79EFBC}") = "bootsrappodev", "bootsrappodev\bootsrappodev.csproj", "{FC707A84-7CA7-44CC-BCFB-9325972DF71C}"
EndProject
Global
	GlobalSection(SolutionConfigurationPlatforms) = preSolution
		Debug|Any CPU = Debug|Any CPU
		Release|Any CPU = Release|Any CPU
	EndGlobalSection
	GlobalSection(ProjectConfigurationPlatforms) = postSolution
		{FC707A84-7CA7-44CC-BCFB-9325972DF71C}.Debug|Any CPU.ActiveCfg = Debug|Any CPU
		{FC707A84-7CA7-44CC-BCFB-9325972DF71C}.Debug|Any CPU.Build.0 = Debug|Any CPU
		{FC707A84-7CA7-44CC-BCFB-9325972DF71C}.Release|Any CPU.ActiveCfg = Release|Any CPU
		{FC707A84-7CA7-44CC-BCFB-9325972DF71C}.Release|Any CPU.Build.0 = Release|Any CPU
	EndGlobalSection
	GlobalSection(SolutionProperties) = preSolution
		HideSolutionNode = FALSE
	EndGlobalSection
	GlobalSection(ExtensibilityGlobals) = postSolution
		SolutionGuid = {FF6FB20B-DC07-42B7-A24C-0AAA43F17DA6}
	EndGlobalSection
EndGlobal
